// !$*UTF8*$!
{
	archiveVersion = 1;
	classes = {
	};
	objectVersion = 56;
	objects = {

/* Begin PBXBuildFile section */
		AF29E2D12A75250C001B00C3 /* LoginView.swift in Sources */ = {isa = PBXBuildFile; fileRef = AF29E2D02A75250C001B00C3 /* LoginView.swift */; };
		AF29E2D32A75CD47001B00C3 /* AddEmailView.swift in Sources */ = {isa = PBXBuildFile; fileRef = AF29E2D22A75CD47001B00C3 /* AddEmailView.swift */; };
		AF5851EB2A71635E0011C875 /* FeedView.swift in Sources */ = {isa = PBXBuildFile; fileRef = AF5851EA2A71635E0011C875 /* FeedView.swift */; };
		AF5851ED2A7163B60011C875 /* FeedListView.swift in Sources */ = {isa = PBXBuildFile; fileRef = AF5851EC2A7163B60011C875 /* FeedListView.swift */; };
		AF599F3C2A72D8A800CC004C /* UserImageView.swift in Sources */ = {isa = PBXBuildFile; fileRef = AF599F3B2A72D8A800CC004C /* UserImageView.swift */; };
		AF61DE102A7850AB00ABA2E4 /* IGTextFieldModifier.swift in Sources */ = {isa = PBXBuildFile; fileRef = AF61DE0F2A7850AB00ABA2E4 /* IGTextFieldModifier.swift */; };
		AF61DE122A78550B00ABA2E4 /* CreateUsernameView.swift in Sources */ = {isa = PBXBuildFile; fileRef = AF61DE112A78550B00ABA2E4 /* CreateUsernameView.swift */; };
		AF6848B92A72DBF300C5292E /* CaptionView.swift in Sources */ = {isa = PBXBuildFile; fileRef = AF6848B82A72DBF300C5292E /* CaptionView.swift */; };
		AF6848BB2A7321D700C5292E /* SearchView.swift in Sources */ = {isa = PBXBuildFile; fileRef = AF6848BA2A7321D700C5292E /* SearchView.swift */; };
		AF6848BD2A742EC400C5292E /* UserImageWithNameView.swift in Sources */ = {isa = PBXBuildFile; fileRef = AF6848BC2A742EC400C5292E /* UserImageWithNameView.swift */; };
		AFCDCC0F2A707AA900E23F0B /* MainTabView.swift in Sources */ = {isa = PBXBuildFile; fileRef = AFCDCC0E2A707AA900E23F0B /* MainTabView.swift */; };
		AFCDCC112A707D9400E23F0B /* ProfileView.swift in Sources */ = {isa = PBXBuildFile; fileRef = AFCDCC102A707D9400E23F0B /* ProfileView.swift */; };
		AFCDCC162A70856C00E23F0B /* UserStateView.swift in Sources */ = {isa = PBXBuildFile; fileRef = AFCDCC152A70856C00E23F0B /* UserStateView.swift */; };
		AFFFF1152A70034D0090E868 /* ZstagramApp.swift in Sources */ = {isa = PBXBuildFile; fileRef = AFFFF1142A70034D0090E868 /* ZstagramApp.swift */; };
		AFFFF1172A70034D0090E868 /* ContentView.swift in Sources */ = {isa = PBXBuildFile; fileRef = AFFFF1162A70034D0090E868 /* ContentView.swift */; };
		AFFFF1192A70034F0090E868 /* Assets.xcassets in Resources */ = {isa = PBXBuildFile; fileRef = AFFFF1182A70034F0090E868 /* Assets.xcassets */; };
		AFFFF11C2A70034F0090E868 /* Preview Assets.xcassets in Resources */ = {isa = PBXBuildFile; fileRef = AFFFF11B2A70034F0090E868 /* Preview Assets.xcassets */; };
/* End PBXBuildFile section */

/* Begin PBXFileReference section */
		AF29E2D02A75250C001B00C3 /* LoginView.swift */ = {isa = PBXFileReference; lastKnownFileType = sourcecode.swift; path = LoginView.swift; sourceTree = "<group>"; };
		AF29E2D22A75CD47001B00C3 /* AddEmailView.swift */ = {isa = PBXFileReference; lastKnownFileType = sourcecode.swift; path = AddEmailView.swift; sourceTree = "<group>"; };
		AF5851EA2A71635E0011C875 /* FeedView.swift */ = {isa = PBXFileReference; lastKnownFileType = sourcecode.swift; path = FeedView.swift; sourceTree = "<group>"; };
		AF5851EC2A7163B60011C875 /* FeedListView.swift */ = {isa = PBXFileReference; lastKnownFileType = sourcecode.swift; path = FeedListView.swift; sourceTree = "<group>"; };
		AF599F3B2A72D8A800CC004C /* UserImageView.swift */ = {isa = PBXFileReference; lastKnownFileType = sourcecode.swift; path = UserImageView.swift; sourceTree = "<group>"; };
		AF61DE0F2A7850AB00ABA2E4 /* IGTextFieldModifier.swift */ = {isa = PBXFileReference; lastKnownFileType = sourcecode.swift; path = IGTextFieldModifier.swift; sourceTree = "<group>"; };
		AF61DE112A78550B00ABA2E4 /* CreateUsernameView.swift */ = {isa = PBXFileReference; lastKnownFileType = sourcecode.swift; path = CreateUsernameView.swift; sourceTree = "<group>"; };
		AF6848B82A72DBF300C5292E /* CaptionView.swift */ = {isa = PBXFileReference; lastKnownFileType = sourcecode.swift; path = CaptionView.swift; sourceTree = "<group>"; };
		AF6848BA2A7321D700C5292E /* SearchView.swift */ = {isa = PBXFileReference; lastKnownFileType = sourcecode.swift; path = SearchView.swift; sourceTree = "<group>"; };
		AF6848BC2A742EC400C5292E /* UserImageWithNameView.swift */ = {isa = PBXFileReference; lastKnownFileType = sourcecode.swift; path = UserImageWithNameView.swift; sourceTree = "<group>"; };
		AFCDCC0E2A707AA900E23F0B /* MainTabView.swift */ = {isa = PBXFileReference; lastKnownFileType = sourcecode.swift; path = MainTabView.swift; sourceTree = "<group>"; };
		AFCDCC102A707D9400E23F0B /* ProfileView.swift */ = {isa = PBXFileReference; lastKnownFileType = sourcecode.swift; path = ProfileView.swift; sourceTree = "<group>"; };
		AFCDCC152A70856C00E23F0B /* UserStateView.swift */ = {isa = PBXFileReference; lastKnownFileType = sourcecode.swift; path = UserStateView.swift; sourceTree = "<group>"; };
		AFFFF1112A70034D0090E868 /* Zstagram.app */ = {isa = PBXFileReference; explicitFileType = wrapper.application; includeInIndex = 0; path = Zstagram.app; sourceTree = BUILT_PRODUCTS_DIR; };
		AFFFF1142A70034D0090E868 /* ZstagramApp.swift */ = {isa = PBXFileReference; lastKnownFileType = sourcecode.swift; path = ZstagramApp.swift; sourceTree = "<group>"; };
		AFFFF1162A70034D0090E868 /* ContentView.swift */ = {isa = PBXFileReference; lastKnownFileType = sourcecode.swift; path = ContentView.swift; sourceTree = "<group>"; };
		AFFFF1182A70034F0090E868 /* Assets.xcassets */ = {isa = PBXFileReference; lastKnownFileType = folder.assetcatalog; path = Assets.xcassets; sourceTree = "<group>"; };
		AFFFF11B2A70034F0090E868 /* Preview Assets.xcassets */ = {isa = PBXFileReference; lastKnownFileType = folder.assetcatalog; path = "Preview Assets.xcassets"; sourceTree = "<group>"; };
/* End PBXFileReference section */

/* Begin PBXFrameworksBuildPhase section */
		AFFFF10E2A70034D0090E868 /* Frameworks */ = {
			isa = PBXFrameworksBuildPhase;
			buildActionMask = 2147483647;
			files = (
			);
			runOnlyForDeploymentPostprocessing = 0;
		};
/* End PBXFrameworksBuildPhase section */

/* Begin PBXGroup section */
		AFCDCC122A70850E00E23F0B /* Components */ = {
			isa = PBXGroup;
			children = (
				AFCDCC152A70856C00E23F0B /* UserStateView.swift */,
				AF599F3B2A72D8A800CC004C /* UserImageView.swift */,
				AF6848B82A72DBF300C5292E /* CaptionView.swift */,
				AF6848BC2A742EC400C5292E /* UserImageWithNameView.swift */,
				AF61DE0F2A7850AB00ABA2E4 /* IGTextFieldModifier.swift */,
			);
			path = Components;
			sourceTree = "<group>";
		};
		AFFFF1082A70034D0090E868 = {
			isa = PBXGroup;
			children = (
				AFFFF1132A70034D0090E868 /* Zstagram */,
				AFFFF1122A70034D0090E868 /* Products */,
			);
			sourceTree = "<group>";
		};
		AFFFF1122A70034D0090E868 /* Products */ = {
			isa = PBXGroup;
			children = (
				AFFFF1112A70034D0090E868 /* Zstagram.app */,
			);
			name = Products;
			sourceTree = "<group>";
		};
		AFFFF1132A70034D0090E868 /* Zstagram */ = {
			isa = PBXGroup;
			children = (
				AFFFF1262A7005820090E868 /* App */,
				AFFFF1272A7005870090E868 /* Core */,
				AFFFF1282A70058C0090E868 /* Extensions */,
				AFFFF1292A7005950090E868 /* Model */,
				AFFFF12A2A7005990090E868 /* Services */,
				AFFFF1162A70034D0090E868 /* ContentView.swift */,
				AFFFF1182A70034F0090E868 /* Assets.xcassets */,
				AFFFF11A2A70034F0090E868 /* Preview Content */,
			);
			path = Zstagram;
			sourceTree = "<group>";
		};
		AFFFF11A2A70034F0090E868 /* Preview Content */ = {
			isa = PBXGroup;
			children = (
				AFFFF11B2A70034F0090E868 /* Preview Assets.xcassets */,
			);
			path = "Preview Content";
			sourceTree = "<group>";
		};
		AFFFF1262A7005820090E868 /* App */ = {
			isa = PBXGroup;
			children = (
				AFFFF1142A70034D0090E868 /* ZstagramApp.swift */,
			);
			path = App;
			sourceTree = "<group>";
		};
		AFFFF1272A7005870090E868 /* Core */ = {
			isa = PBXGroup;
			children = (
				AFFFF12B2A7008060090E868 /* Authentication */,
				AFCDCC122A70850E00E23F0B /* Components */,
				AFFFF12E2A70081F0090E868 /* Root */,
				AFFFF1302A7008940090E868 /* TabBar */,
				AFFFF12C2A7008150090E868 /* Feed */,
				AFFFF12F2A7008230090E868 /* Search */,
				AFFFF1312A70089B0090E868 /* UploadPost */,
				AFFFF12D2A7008190090E868 /* Profile */,
			);
			path = Core;
			sourceTree = "<group>";
		};
		AFFFF1282A70058C0090E868 /* Extensions */ = {
			isa = PBXGroup;
			children = (
			);
			path = Extensions;
			sourceTree = "<group>";
		};
		AFFFF1292A7005950090E868 /* Model */ = {
			isa = PBXGroup;
			children = (
			);
			path = Model;
			sourceTree = "<group>";
		};
		AFFFF12A2A7005990090E868 /* Services */ = {
			isa = PBXGroup;
			children = (
			);
			path = Services;
			sourceTree = "<group>";
		};
		AFFFF12B2A7008060090E868 /* Authentication */ = {
			isa = PBXGroup;
			children = (
				AF29E2D02A75250C001B00C3 /* LoginView.swift */,
				AF29E2D22A75CD47001B00C3 /* AddEmailView.swift */,
				AF61DE112A78550B00ABA2E4 /* CreateUsernameView.swift */,
			);
			path = Authentication;
			sourceTree = "<group>";
		};
		AFFFF12C2A7008150090E868 /* Feed */ = {
			isa = PBXGroup;
			children = (
				AF5851EC2A7163B60011C875 /* FeedListView.swift */,
				AF5851EA2A71635E0011C875 /* FeedView.swift */,
			);
			path = Feed;
			sourceTree = "<group>";
		};
		AFFFF12D2A7008190090E868 /* Profile */ = {
			isa = PBXGroup;
			children = (
				AFCDCC102A707D9400E23F0B /* ProfileView.swift */,
			);
			path = Profile;
			sourceTree = "<group>";
		};
		AFFFF12E2A70081F0090E868 /* Root */ = {
			isa = PBXGroup;
			children = (
			);
			path = Root;
			sourceTree = "<group>";
		};
		AFFFF12F2A7008230090E868 /* Search */ = {
			isa = PBXGroup;
			children = (
				AF6848BA2A7321D700C5292E /* SearchView.swift */,
			);
			path = Search;
			sourceTree = "<group>";
		};
		AFFFF1302A7008940090E868 /* TabBar */ = {
			isa = PBXGroup;
			children = (
				AFCDCC0E2A707AA900E23F0B /* MainTabView.swift */,
			);
			path = TabBar;
			sourceTree = "<group>";
		};
		AFFFF1312A70089B0090E868 /* UploadPost */ = {
			isa = PBXGroup;
			children = (
			);
			path = UploadPost;
			sourceTree = "<group>";
		};
/* End PBXGroup section */

/* Begin PBXNativeTarget section */
		AFFFF1102A70034D0090E868 /* Zstagram */ = {
			isa = PBXNativeTarget;
			buildConfigurationList = AFFFF11F2A70034F0090E868 /* Build configuration list for PBXNativeTarget "Zstagram" */;
			buildPhases = (
				AFFFF10D2A70034D0090E868 /* Sources */,
				AFFFF10E2A70034D0090E868 /* Frameworks */,
				AFFFF10F2A70034D0090E868 /* Resources */,
			);
			buildRules = (
			);
			dependencies = (
			);
			name = Zstagram;
			productName = Zstagram;
			productReference = AFFFF1112A70034D0090E868 /* Zstagram.app */;
			productType = "com.apple.product-type.application";
		};
/* End PBXNativeTarget section */

/* Begin PBXProject section */
		AFFFF1092A70034D0090E868 /* Project object */ = {
			isa = PBXProject;
			attributes = {
				BuildIndependentTargetsInParallel = 1;
				LastSwiftUpdateCheck = 1430;
				LastUpgradeCheck = 1430;
				TargetAttributes = {
					AFFFF1102A70034D0090E868 = {
						CreatedOnToolsVersion = 14.3.1;
					};
				};
			};
			buildConfigurationList = AFFFF10C2A70034D0090E868 /* Build configuration list for PBXProject "Zstagram" */;
			compatibilityVersion = "Xcode 14.0";
			developmentRegion = en;
			hasScannedForEncodings = 0;
			knownRegions = (
				en,
				Base,
			);
			mainGroup = AFFFF1082A70034D0090E868;
			productRefGroup = AFFFF1122A70034D0090E868 /* Products */;
			projectDirPath = "";
			projectRoot = "";
			targets = (
				AFFFF1102A70034D0090E868 /* Zstagram */,
			);
		};
/* End PBXProject section */

/* Begin PBXResourcesBuildPhase section */
		AFFFF10F2A70034D0090E868 /* Resources */ = {
			isa = PBXResourcesBuildPhase;
			buildActionMask = 2147483647;
			files = (
				AFFFF11C2A70034F0090E868 /* Preview Assets.xcassets in Resources */,
				AFFFF1192A70034F0090E868 /* Assets.xcassets in Resources */,
			);
			runOnlyForDeploymentPostprocessing = 0;
		};
/* End PBXResourcesBuildPhase section */

/* Begin PBXSourcesBuildPhase section */
		AFFFF10D2A70034D0090E868 /* Sources */ = {
			isa = PBXSourcesBuildPhase;
			buildActionMask = 2147483647;
			files = (
				AF6848BB2A7321D700C5292E /* SearchView.swift in Sources */,
				AFCDCC112A707D9400E23F0B /* ProfileView.swift in Sources */,
				AFFFF1172A70034D0090E868 /* ContentView.swift in Sources */,
				AFCDCC162A70856C00E23F0B /* UserStateView.swift in Sources */,
				AF599F3C2A72D8A800CC004C /* UserImageView.swift in Sources */,
				AFFFF1152A70034D0090E868 /* ZstagramApp.swift in Sources */,
				AF61DE122A78550B00ABA2E4 /* CreateUsernameView.swift in Sources */,
				AF61DE102A7850AB00ABA2E4 /* IGTextFieldModifier.swift in Sources */,
				AF29E2D12A75250C001B00C3 /* LoginView.swift in Sources */,
				AF6848B92A72DBF300C5292E /* CaptionView.swift in Sources */,
				AF5851ED2A7163B60011C875 /* FeedListView.swift in Sources */,
				AF29E2D32A75CD47001B00C3 /* AddEmailView.swift in Sources */,
				AF6848BD2A742EC400C5292E /* UserImageWithNameView.swift in Sources */,
				AF5851EB2A71635E0011C875 /* FeedView.swift in Sources */,
				AFCDCC0F2A707AA900E23F0B /* MainTabView.swift in Sources */,
			);
			runOnlyForDeploymentPostprocessing = 0;
		};
/* End PBXSourcesBuildPhase section */

/* Begin XCBuildConfiguration section */
		AFFFF11D2A70034F0090E868 /* Debug */ = {
			isa = XCBuildConfiguration;
			buildSettings = {
				ALWAYS_SEARCH_USER_PATHS = NO;
				CLANG_ANALYZER_NONNULL = YES;
				CLANG_ANALYZER_NUMBER_OBJECT_CONVERSION = YES_AGGRESSIVE;
				CLANG_CXX_LANGUAGE_STANDARD = "gnu++20";
				CLANG_ENABLE_MODULES = YES;
				CLANG_ENABLE_OBJC_ARC = YES;
				CLANG_ENABLE_OBJC_WEAK = YES;
				CLANG_WARN_BLOCK_CAPTURE_AUTORELEASING = YES;
				CLANG_WARN_BOOL_CONVERSION = YES;
				CLANG_WARN_COMMA = YES;
				CLANG_WARN_CONSTANT_CONVERSION = YES;
				CLANG_WARN_DEPRECATED_OBJC_IMPLEMENTATIONS = YES;
				CLANG_WARN_DIRECT_OBJC_ISA_USAGE = YES_ERROR;
				CLANG_WARN_DOCUMENTATION_COMMENTS = YES;
				CLANG_WARN_EMPTY_BODY = YES;
				CLANG_WARN_ENUM_CONVERSION = YES;
				CLANG_WARN_INFINITE_RECURSION = YES;
				CLANG_WARN_INT_CONVERSION = YES;
				CLANG_WARN_NON_LITERAL_NULL_CONVERSION = YES;
				CLANG_WARN_OBJC_IMPLICIT_RETAIN_SELF = YES;
				CLANG_WARN_OBJC_LITERAL_CONVERSION = YES;
				CLANG_WARN_OBJC_ROOT_CLASS = YES_ERROR;
				CLANG_WARN_QUOTED_INCLUDE_IN_FRAMEWORK_HEADER = YES;
				CLANG_WARN_RANGE_LOOP_ANALYSIS = YES;
				CLANG_WARN_STRICT_PROTOTYPES = YES;
				CLANG_WARN_SUSPICIOUS_MOVE = YES;
				CLANG_WARN_UNGUARDED_AVAILABILITY = YES_AGGRESSIVE;
				CLANG_WARN_UNREACHABLE_CODE = YES;
				CLANG_WARN__DUPLICATE_METHOD_MATCH = YES;
				COPY_PHASE_STRIP = NO;
				DEBUG_INFORMATION_FORMAT = dwarf;
				ENABLE_STRICT_OBJC_MSGSEND = YES;
				ENABLE_TESTABILITY = YES;
				GCC_C_LANGUAGE_STANDARD = gnu11;
				GCC_DYNAMIC_NO_PIC = NO;
				GCC_NO_COMMON_BLOCKS = YES;
				GCC_OPTIMIZATION_LEVEL = 0;
				GCC_PREPROCESSOR_DEFINITIONS = (
					"DEBUG=1",
					"$(inherited)",
				);
				GCC_WARN_64_TO_32_BIT_CONVERSION = YES;
				GCC_WARN_ABOUT_RETURN_TYPE = YES_ERROR;
				GCC_WARN_UNDECLARED_SELECTOR = YES;
				GCC_WARN_UNINITIALIZED_AUTOS = YES_AGGRESSIVE;
				GCC_WARN_UNUSED_FUNCTION = YES;
				GCC_WARN_UNUSED_VARIABLE = YES;
				IPHONEOS_DEPLOYMENT_TARGET = 16.4;
				MTL_ENABLE_DEBUG_INFO = INCLUDE_SOURCE;
				MTL_FAST_MATH = YES;
				ONLY_ACTIVE_ARCH = YES;
				SDKROOT = iphoneos;
				SWIFT_ACTIVE_COMPILATION_CONDITIONS = DEBUG;
				SWIFT_OPTIMIZATION_LEVEL = "-Onone";
			};
			name = Debug;
		};
		AFFFF11E2A70034F0090E868 /* Release */ = {
			isa = XCBuildConfiguration;
			buildSettings = {
				ALWAYS_SEARCH_USER_PATHS = NO;
				CLANG_ANALYZER_NONNULL = YES;
				CLANG_ANALYZER_NUMBER_OBJECT_CONVERSION = YES_AGGRESSIVE;
				CLANG_CXX_LANGUAGE_STANDARD = "gnu++20";
				CLANG_ENABLE_MODULES = YES;
				CLANG_ENABLE_OBJC_ARC = YES;
				CLANG_ENABLE_OBJC_WEAK = YES;
				CLANG_WARN_BLOCK_CAPTURE_AUTORELEASING = YES;
				CLANG_WARN_BOOL_CONVERSION = YES;
				CLANG_WARN_COMMA = YES;
				CLANG_WARN_CONSTANT_CONVERSION = YES;
				CLANG_WARN_DEPRECATED_OBJC_IMPLEMENTATIONS = YES;
				CLANG_WARN_DIRECT_OBJC_ISA_USAGE = YES_ERROR;
				CLANG_WARN_DOCUMENTATION_COMMENTS = YES;
				CLANG_WARN_EMPTY_BODY = YES;
				CLANG_WARN_ENUM_CONVERSION = YES;
				CLANG_WARN_INFINITE_RECURSION = YES;
				CLANG_WARN_INT_CONVERSION = YES;
				CLANG_WARN_NON_LITERAL_NULL_CONVERSION = YES;
				CLANG_WARN_OBJC_IMPLICIT_RETAIN_SELF = YES;
				CLANG_WARN_OBJC_LITERAL_CONVERSION = YES;
				CLANG_WARN_OBJC_ROOT_CLASS = YES_ERROR;
				CLANG_WARN_QUOTED_INCLUDE_IN_FRAMEWORK_HEADER = YES;
				CLANG_WARN_RANGE_LOOP_ANALYSIS = YES;
				CLANG_WARN_STRICT_PROTOTYPES = YES;
				CLANG_WARN_SUSPICIOUS_MOVE = YES;
				CLANG_WARN_UNGUARDED_AVAILABILITY = YES_AGGRESSIVE;
				CLANG_WARN_UNREACHABLE_CODE = YES;
				CLANG_WARN__DUPLICATE_METHOD_MATCH = YES;
				COPY_PHASE_STRIP = NO;
				DEBUG_INFORMATION_FORMAT = "dwarf-with-dsym";
				ENABLE_NS_ASSERTIONS = NO;
				ENABLE_STRICT_OBJC_MSGSEND = YES;
				GCC_C_LANGUAGE_STANDARD = gnu11;
				GCC_NO_COMMON_BLOCKS = YES;
				GCC_WARN_64_TO_32_BIT_CONVERSION = YES;
				GCC_WARN_ABOUT_RETURN_TYPE = YES_ERROR;
				GCC_WARN_UNDECLARED_SELECTOR = YES;
				GCC_WARN_UNINITIALIZED_AUTOS = YES_AGGRESSIVE;
				GCC_WARN_UNUSED_FUNCTION = YES;
				GCC_WARN_UNUSED_VARIABLE = YES;
				IPHONEOS_DEPLOYMENT_TARGET = 16.4;
				MTL_ENABLE_DEBUG_INFO = NO;
				MTL_FAST_MATH = YES;
				SDKROOT = iphoneos;
				SWIFT_COMPILATION_MODE = wholemodule;
				SWIFT_OPTIMIZATION_LEVEL = "-O";
				VALIDATE_PRODUCT = YES;
			};
			name = Release;
		};
		AFFFF1202A70034F0090E868 /* Debug */ = {
			isa = XCBuildConfiguration;
			buildSettings = {
				ASSETCATALOG_COMPILER_APPICON_NAME = AppIcon;
				ASSETCATALOG_COMPILER_GLOBAL_ACCENT_COLOR_NAME = AccentColor;
				CODE_SIGN_STYLE = Automatic;
				CURRENT_PROJECT_VERSION = 1;
				DEVELOPMENT_ASSET_PATHS = "\"Zstagram/Preview Content\"";
				DEVELOPMENT_TEAM = KM569NM77P;
				ENABLE_PREVIEWS = YES;
				GENERATE_INFOPLIST_FILE = YES;
				INFOPLIST_KEY_UIApplicationSceneManifest_Generation = YES;
				INFOPLIST_KEY_UIApplicationSupportsIndirectInputEvents = YES;
				INFOPLIST_KEY_UILaunchScreen_Generation = YES;
				INFOPLIST_KEY_UISupportedInterfaceOrientations_iPad = "UIInterfaceOrientationPortrait UIInterfaceOrientationPortraitUpsideDown UIInterfaceOrientationLandscapeLeft UIInterfaceOrientationLandscapeRight";
				INFOPLIST_KEY_UISupportedInterfaceOrientations_iPhone = "UIInterfaceOrientationPortrait UIInterfaceOrientationLandscapeLeft UIInterfaceOrientationLandscapeRight";
				LD_RUNPATH_SEARCH_PATHS = (
					"$(inherited)",
					"@executable_path/Frameworks",
				);
				MARKETING_VERSION = 1.0;
				PRODUCT_BUNDLE_IDENTIFIER = com.obada.Zstagram;
				PRODUCT_NAME = "$(TARGET_NAME)";
				SWIFT_EMIT_LOC_STRINGS = YES;
				SWIFT_VERSION = 5.0;
				TARGETED_DEVICE_FAMILY = "1,2";
			};
			name = Debug;
		};
		AFFFF1212A70034F0090E868 /* Release */ = {
			isa = XCBuildConfiguration;
			buildSettings = {
				ASSETCATALOG_COMPILER_APPICON_NAME = AppIcon;
				ASSETCATALOG_COMPILER_GLOBAL_ACCENT_COLOR_NAME = AccentColor;
				CODE_SIGN_STYLE = Automatic;
				CURRENT_PROJECT_VERSION = 1;
				DEVELOPMENT_ASSET_PATHS = "\"Zstagram/Preview Content\"";
				DEVELOPMENT_TEAM = KM569NM77P;
				ENABLE_PREVIEWS = YES;
				GENERATE_INFOPLIST_FILE = YES;
				INFOPLIST_KEY_UIApplicationSceneManifest_Generation = YES;
				INFOPLIST_KEY_UIApplicationSupportsIndirectInputEvents = YES;
				INFOPLIST_KEY_UILaunchScreen_Generation = YES;
				INFOPLIST_KEY_UISupportedInterfaceOrientations_iPad = "UIInterfaceOrientationPortrait UIInterfaceOrientationPortraitUpsideDown UIInterfaceOrientationLandscapeLeft UIInterfaceOrientationLandscapeRight";
				INFOPLIST_KEY_UISupportedInterfaceOrientations_iPhone = "UIInterfaceOrientationPortrait UIInterfaceOrientationLandscapeLeft UIInterfaceOrientationLandscapeRight";
				LD_RUNPATH_SEARCH_PATHS = (
					"$(inherited)",
					"@executable_path/Frameworks",
				);
				MARKETING_VERSION = 1.0;
				PRODUCT_BUNDLE_IDENTIFIER = com.obada.Zstagram;
				PRODUCT_NAME = "$(TARGET_NAME)";
				SWIFT_EMIT_LOC_STRINGS = YES;
				SWIFT_VERSION = 5.0;
				TARGETED_DEVICE_FAMILY = "1,2";
			};
			name = Release;
		};
/* End XCBuildConfiguration section */

/* Begin XCConfigurationList section */
		AFFFF10C2A70034D0090E868 /* Build configuration list for PBXProject "Zstagram" */ = {
			isa = XCConfigurationList;
			buildConfigurations = (
				AFFFF11D2A70034F0090E868 /* Debug */,
				AFFFF11E2A70034F0090E868 /* Release */,
			);
			defaultConfigurationIsVisible = 0;
			defaultConfigurationName = Release;
		};
		AFFFF11F2A70034F0090E868 /* Build configuration list for PBXNativeTarget "Zstagram" */ = {
			isa = XCConfigurationList;
			buildConfigurations = (
				AFFFF1202A70034F0090E868 /* Debug */,
				AFFFF1212A70034F0090E868 /* Release */,
			);
			defaultConfigurationIsVisible = 0;
			defaultConfigurationName = Release;
		};
/* End XCConfigurationList section */
	};
	rootObject = AFFFF1092A70034D0090E868 /* Project object */;
}
